
Microsoft Visual Studio Solution File, Format Version 12.00
# Visual Studio 2013
VisualStudioVersion = 12.0.21005.1
MinimumVisualStudioVersion = 10.0.40219.1
Project("{FAE04EC0-301F-11D3-BF4B-00C04F79EFBC}") = "HTMLDataGridViewTest", "HTMLDataGridViewTest\HTMLDataGridViewTest.csproj", "{285519C5-3D0F-453B-9635-92B6E1BE7302}"
EndProject
Global
	GlobalSection(SolutionConfigurationPlatforms) = preSolution
		Debug|Any CPU = Debug|Any CPU
		Release|Any CPU = Release|Any CPU
	EndGlobalSection
	GlobalSection(ProjectConfigurationPlatforms) = postSolution
		{285519C5-3D0F-453B-9635-92B6E1BE7302}.Debug|Any CPU.ActiveCfg = Debug|Any CPU
		{285519C5-3D0F-453B-9635-92B6E1BE7302}.Debug|Any CPU.Build.0 = Debug|Any CPU
		{285519C5-3D0F-453B-9635-92B6E1BE7302}.Release|Any CPU.ActiveCfg = Release|Any CPU
		{285519C5-3D0F-453B-9635-92B6E1BE7302}.Release|Any CPU.Build.0 = Release|Any CPU
	EndGlobalSection
	GlobalSection(SolutionProperties) = preSolution
		HideSolutionNode = FALSE
	EndGlobalSection
EndGlobal
